// !$*UTF8*$!
{
	archiveVersion = 1;
	classes = {
	};
	objectVersion = 55;
	objects = {

/* Begin PBXBuildFile section */
		22013E0228CFA5C9005D99AB /* RandomNumberApp.swift in Sources */ = {isa = PBXBuildFile; fileRef = 22013E0128CFA5C9005D99AB /* RandomNumberApp.swift */; };
		22013E0428CFA5C9005D99AB /* ContentView.swift in Sources */ = {isa = PBXBuildFile; fileRef = 22013E0328CFA5C9005D99AB /* ContentView.swift */; };
		22013E0628CFA5CA005D99AB /* Assets.xcassets in Resources */ = {isa = PBXBuildFile; fileRef = 22013E0528CFA5CA005D99AB /* Assets.xcassets */; };
		22013E0928CFA5CB005D99AB /* Preview Assets.xcassets in Resources */ = {isa = PBXBuildFile; fileRef = 22013E0828CFA5CA005D99AB /* Preview Assets.xcassets */; };
		222317B828E784710047108E /* Names.swift in Sources */ = {isa = PBXBuildFile; fileRef = 222317B728E784710047108E /* Names.swift */; };
		222317BC28E787010047108E /* Bundle-Decodable.swift in Sources */ = {isa = PBXBuildFile; fileRef = 222317BB28E787010047108E /* Bundle-Decodable.swift */; };
		223D6F3A290E8AC0000D905F /* Address.swift in Sources */ = {isa = PBXBuildFile; fileRef = 223D6F39290E8AC0000D905F /* Address.swift */; };
		223D6F3C290EB28F000D905F /* AddressView.swift in Sources */ = {isa = PBXBuildFile; fileRef = 223D6F3B290EB28F000D905F /* AddressView.swift */; };
		22CA612128F9D8CF008A9F4C /* RandomNameView.swift in Sources */ = {isa = PBXBuildFile; fileRef = 22CA612028F9D8CF008A9F4C /* RandomNameView.swift */; };
		22CA612328F9DA73008A9F4C /* MainView.swift in Sources */ = {isa = PBXBuildFile; fileRef = 22CA612228F9DA73008A9F4C /* MainView.swift */; };
		22CA612528F9E07A008A9F4C /* ColourView.swift in Sources */ = {isa = PBXBuildFile; fileRef = 22CA612428F9E07A008A9F4C /* ColourView.swift */; };
		22D3D4CB28E860680050303C /* names.json in Resources */ = {isa = PBXBuildFile; fileRef = 22D3D4CA28E860680050303C /* names.json */; };
		22F59233291A96AE00D1553D /* addresses.json in Resources */ = {isa = PBXBuildFile; fileRef = 22F59232291A96AE00D1553D /* addresses.json */; };
/* End PBXBuildFile section */

/* Begin PBXFileReference section */
		22013DFE28CFA5C9005D99AB /* RandomNumber.app */ = {isa = PBXFileReference; explicitFileType = wrapper.application; includeInIndex = 0; path = RandomNumber.app; sourceTree = BUILT_PRODUCTS_DIR; };
		22013E0128CFA5C9005D99AB /* RandomNumberApp.swift */ = {isa = PBXFileReference; lastKnownFileType = sourcecode.swift; path = RandomNumberApp.swift; sourceTree = "<group>"; };
		22013E0328CFA5C9005D99AB /* ContentView.swift */ = {isa = PBXFileReference; lastKnownFileType = sourcecode.swift; path = ContentView.swift; sourceTree = "<group>"; };
		22013E0528CFA5CA005D99AB /* Assets.xcassets */ = {isa = PBXFileReference; lastKnownFileType = folder.assetcatalog; path = Assets.xcassets; sourceTree = "<group>"; };
		22013E0828CFA5CA005D99AB /* Preview Assets.xcassets */ = {isa = PBXFileReference; lastKnownFileType = folder.assetcatalog; path = "Preview Assets.xcassets"; sourceTree = "<group>"; };
		222317B728E784710047108E /* Names.swift */ = {isa = PBXFileReference; lastKnownFileType = sourcecode.swift; path = Names.swift; sourceTree = "<group>"; };
		222317BB28E787010047108E /* Bundle-Decodable.swift */ = {isa = PBXFileReference; fileEncoding = 4; lastKnownFileType = sourcecode.swift; path = "Bundle-Decodable.swift"; sourceTree = "<group>"; };
		223D6F39290E8AC0000D905F /* Address.swift */ = {isa = PBXFileReference; lastKnownFileType = sourcecode.swift; path = Address.swift; sourceTree = "<group>"; };
		223D6F3B290EB28F000D905F /* AddressView.swift */ = {isa = PBXFileReference; lastKnownFileType = sourcecode.swift; path = AddressView.swift; sourceTree = "<group>"; };
		22CA612028F9D8CF008A9F4C /* RandomNameView.swift */ = {isa = PBXFileReference; lastKnownFileType = sourcecode.swift; path = RandomNameView.swift; sourceTree = "<group>"; };
		22CA612228F9DA73008A9F4C /* MainView.swift */ = {isa = PBXFileReference; lastKnownFileType = sourcecode.swift; path = MainView.swift; sourceTree = "<group>"; };
		22CA612428F9E07A008A9F4C /* ColourView.swift */ = {isa = PBXFileReference; lastKnownFileType = sourcecode.swift; path = ColourView.swift; sourceTree = "<group>"; };
		22D3D4CA28E860680050303C /* names.json */ = {isa = PBXFileReference; fileEncoding = 4; lastKnownFileType = text.json; path = names.json; sourceTree = "<group>"; };
		22F59232291A96AE00D1553D /* addresses.json */ = {isa = PBXFileReference; lastKnownFileType = text.json; path = addresses.json; sourceTree = "<group>"; };
/* End PBXFileReference section */

/* Begin PBXFrameworksBuildPhase section */
		22013DFB28CFA5C9005D99AB /* Frameworks */ = {
			isa = PBXFrameworksBuildPhase;
			buildActionMask = 2147483647;
			files = (
			);
			runOnlyForDeploymentPostprocessing = 0;
		};
/* End PBXFrameworksBuildPhase section */

/* Begin PBXGroup section */
		22013DF528CFA5C9005D99AB = {
			isa = PBXGroup;
			children = (
				22013E0028CFA5C9005D99AB /* RandomNumber */,
				22013DFF28CFA5C9005D99AB /* Products */,
			);
			sourceTree = "<group>";
		};
		22013DFF28CFA5C9005D99AB /* Products */ = {
			isa = PBXGroup;
			children = (
				22013DFE28CFA5C9005D99AB /* RandomNumber.app */,
			);
			name = Products;
			sourceTree = "<group>";
		};
		22013E0028CFA5C9005D99AB /* RandomNumber */ = {
			isa = PBXGroup;
			children = (
				22013E0128CFA5C9005D99AB /* RandomNumberApp.swift */,
				22013E0328CFA5C9005D99AB /* ContentView.swift */,
				22CA612228F9DA73008A9F4C /* MainView.swift */,
				22CA612028F9D8CF008A9F4C /* RandomNameView.swift */,
				22CA612428F9E07A008A9F4C /* ColourView.swift */,
				222317B728E784710047108E /* Names.swift */,
				22D3D4CA28E860680050303C /* names.json */,
				22F59232291A96AE00D1553D /* addresses.json */,
				223D6F3B290EB28F000D905F /* AddressView.swift */,
				223D6F39290E8AC0000D905F /* Address.swift */,
				222317BB28E787010047108E /* Bundle-Decodable.swift */,
				22013E0528CFA5CA005D99AB /* Assets.xcassets */,
				22013E0728CFA5CA005D99AB /* Preview Content */,
			);
			path = RandomNumber;
			sourceTree = "<group>";
		};
		22013E0728CFA5CA005D99AB /* Preview Content */ = {
			isa = PBXGroup;
			children = (
				22013E0828CFA5CA005D99AB /* Preview Assets.xcassets */,
			);
			path = "Preview Content";
			sourceTree = "<group>";
		};
/* End PBXGroup section */

/* Begin PBXNativeTarget section */
		22013DFD28CFA5C9005D99AB /* RandomNumber */ = {
			isa = PBXNativeTarget;
			buildConfigurationList = 22013E0C28CFA5CB005D99AB /* Build configuration list for PBXNativeTarget "RandomNumber" */;
			buildPhases = (
				22013DFA28CFA5C9005D99AB /* Sources */,
				22013DFB28CFA5C9005D99AB /* Frameworks */,
				22013DFC28CFA5C9005D99AB /* Resources */,
			);
			buildRules = (
			);
			dependencies = (
			);
			name = RandomNumber;
			productName = RandomNumber;
			productReference = 22013DFE28CFA5C9005D99AB /* RandomNumber.app */;
			productType = "com.apple.product-type.application";
		};
/* End PBXNativeTarget section */

/* Begin PBXProject section */
		22013DF628CFA5C9005D99AB /* Project object */ = {
			isa = PBXProject;
			attributes = {
				BuildIndependentTargetsInParallel = 1;
				LastSwiftUpdateCheck = 1340;
				LastUpgradeCheck = 1340;
				TargetAttributes = {
					22013DFD28CFA5C9005D99AB = {
						CreatedOnToolsVersion = 13.4.1;
					};
				};
			};
			buildConfigurationList = 22013DF928CFA5C9005D99AB /* Build configuration list for PBXProject "RandomNumber" */;
			compatibilityVersion = "Xcode 13.0";
			developmentRegion = en;
			hasScannedForEncodings = 0;
			knownRegions = (
				en,
				Base,
			);
			mainGroup = 22013DF528CFA5C9005D99AB;
			productRefGroup = 22013DFF28CFA5C9005D99AB /* Products */;
			projectDirPath = "";
			projectRoot = "";
			targets = (
				22013DFD28CFA5C9005D99AB /* RandomNumber */,
			);
		};
/* End PBXProject section */

/* Begin PBXResourcesBuildPhase section */
		22013DFC28CFA5C9005D99AB /* Resources */ = {
			isa = PBXResourcesBuildPhase;
			buildActionMask = 2147483647;
			files = (
				22F59233291A96AE00D1553D /* addresses.json in Resources */,
				22013E0928CFA5CB005D99AB /* Preview Assets.xcassets in Resources */,
				22D3D4CB28E860680050303C /* names.json in Resources */,
				22013E0628CFA5CA005D99AB /* Assets.xcassets in Resources */,
			);
			runOnlyForDeploymentPostprocessing = 0;
		};
/* End PBXResourcesBuildPhase section */

/* Begin PBXSourcesBuildPhase section */
		22013DFA28CFA5C9005D99AB /* Sources */ = {
			isa = PBXSourcesBuildPhase;
			buildActionMask = 2147483647;
			files = (
				22013E0428CFA5C9005D99AB /* ContentView.swift in Sources */,
				22CA612328F9DA73008A9F4C /* MainView.swift in Sources */,
				22CA612528F9E07A008A9F4C /* ColourView.swift in Sources */,
				223D6F3A290E8AC0000D905F /* Address.swift in Sources */,
				222317B828E784710047108E /* Names.swift in Sources */,
				22CA612128F9D8CF008A9F4C /* RandomNameView.swift in Sources */,
				222317BC28E787010047108E /* Bundle-Decodable.swift in Sources */,
				22013E0228CFA5C9005D99AB /* RandomNumberApp.swift in Sources */,
				223D6F3C290EB28F000D905F /* AddressView.swift in Sources */,
			);
			runOnlyForDeploymentPostprocessing = 0;
		};
/* End PBXSourcesBuildPhase section */

/* Begin XCBuildConfiguration section */
		22013E0A28CFA5CB005D99AB /* Debug */ = {
			isa = XCBuildConfiguration;
			buildSettings = {
				ALWAYS_SEARCH_USER_PATHS = NO;
				CLANG_ANALYZER_NONNULL = YES;
				CLANG_ANALYZER_NUMBER_OBJECT_CONVERSION = YES_AGGRESSIVE;
				CLANG_CXX_LANGUAGE_STANDARD = "gnu++17";
				CLANG_ENABLE_MODULES = YES;
				CLANG_ENABLE_OBJC_ARC = YES;
				CLANG_ENABLE_OBJC_WEAK = YES;
				CLANG_WARN_BLOCK_CAPTURE_AUTORELEASING = YES;
				CLANG_WARN_BOOL_CONVERSION = YES;
				CLANG_WARN_COMMA = YES;
				CLANG_WARN_CONSTANT_CONVERSION = YES;
				CLANG_WARN_DEPRECATED_OBJC_IMPLEMENTATIONS = YES;
				CLANG_WARN_DIRECT_OBJC_ISA_USAGE = YES_ERROR;
				CLANG_WARN_DOCUMENTATION_COMMENTS = YES;
				CLANG_WARN_EMPTY_BODY = YES;
				CLANG_WARN_ENUM_CONVERSION = YES;
				CLANG_WARN_INFINITE_RECURSION = YES;
				CLANG_WARN_INT_CONVERSION = YES;
				CLANG_WARN_NON_LITERAL_NULL_CONVERSION = YES;
				CLANG_WARN_OBJC_IMPLICIT_RETAIN_SELF = YES;
				CLANG_WARN_OBJC_LITERAL_CONVERSION = YES;
				CLANG_WARN_OBJC_ROOT_CLASS = YES_ERROR;
				CLANG_WARN_QUOTED_INCLUDE_IN_FRAMEWORK_HEADER = YES;
				CLANG_WARN_RANGE_LOOP_ANALYSIS = YES;
				CLANG_WARN_STRICT_PROTOTYPES = YES;
				CLANG_WARN_SUSPICIOUS_MOVE = YES;
				CLANG_WARN_UNGUARDED_AVAILABILITY = YES_AGGRESSIVE;
				CLANG_WARN_UNREACHABLE_CODE = YES;
				CLANG_WARN__DUPLICATE_METHOD_MATCH = YES;
				COPY_PHASE_STRIP = NO;
				DEBUG_INFORMATION_FORMAT = dwarf;
				ENABLE_STRICT_OBJC_MSGSEND = YES;
				ENABLE_TESTABILITY = YES;
				GCC_C_LANGUAGE_STANDARD = gnu11;
				GCC_DYNAMIC_NO_PIC = NO;
				GCC_NO_COMMON_BLOCKS = YES;
				GCC_OPTIMIZATION_LEVEL = 0;
				GCC_PREPROCESSOR_DEFINITIONS = (
					"DEBUG=1",
					"$(inherited)",
				);
				GCC_WARN_64_TO_32_BIT_CONVERSION = YES;
				GCC_WARN_ABOUT_RETURN_TYPE = YES_ERROR;
				GCC_WARN_UNDECLARED_SELECTOR = YES;
				GCC_WARN_UNINITIALIZED_AUTOS = YES_AGGRESSIVE;
				GCC_WARN_UNUSED_FUNCTION = YES;
				GCC_WARN_UNUSED_VARIABLE = YES;
				IPHONEOS_DEPLOYMENT_TARGET = 15.5;
				MTL_ENABLE_DEBUG_INFO = INCLUDE_SOURCE;
				MTL_FAST_MATH = YES;
				ONLY_ACTIVE_ARCH = YES;
				SDKROOT = iphoneos;
				SWIFT_ACTIVE_COMPILATION_CONDITIONS = DEBUG;
				SWIFT_OPTIMIZATION_LEVEL = "-Onone";
			};
			name = Debug;
		};
		22013E0B28CFA5CB005D99AB /* Release */ = {
			isa = XCBuildConfiguration;
			buildSettings = {
				ALWAYS_SEARCH_USER_PATHS = NO;
				CLANG_ANALYZER_NONNULL = YES;
				CLANG_ANALYZER_NUMBER_OBJECT_CONVERSION = YES_AGGRESSIVE;
				CLANG_CXX_LANGUAGE_STANDARD = "gnu++17";
				CLANG_ENABLE_MODULES = YES;
				CLANG_ENABLE_OBJC_ARC = YES;
				CLANG_ENABLE_OBJC_WEAK = YES;
				CLANG_WARN_BLOCK_CAPTURE_AUTORELEASING = YES;
				CLANG_WARN_BOOL_CONVERSION = YES;
				CLANG_WARN_COMMA = YES;
				CLANG_WARN_CONSTANT_CONVERSION = YES;
				CLANG_WARN_DEPRECATED_OBJC_IMPLEMENTATIONS = YES;
				CLANG_WARN_DIRECT_OBJC_ISA_USAGE = YES_ERROR;
				CLANG_WARN_DOCUMENTATION_COMMENTS = YES;
				CLANG_WARN_EMPTY_BODY = YES;
				CLANG_WARN_ENUM_CONVERSION = YES;
				CLANG_WARN_INFINITE_RECURSION = YES;
				CLANG_WARN_INT_CONVERSION = YES;
				CLANG_WARN_NON_LITERAL_NULL_CONVERSION = YES;
				CLANG_WARN_OBJC_IMPLICIT_RETAIN_SELF = YES;
				CLANG_WARN_OBJC_LITERAL_CONVERSION = YES;
				CLANG_WARN_OBJC_ROOT_CLASS = YES_ERROR;
				CLANG_WARN_QUOTED_INCLUDE_IN_FRAMEWORK_HEADER = YES;
				CLANG_WARN_RANGE_LOOP_ANALYSIS = YES;
				CLANG_WARN_STRICT_PROTOTYPES = YES;
				CLANG_WARN_SUSPICIOUS_MOVE = YES;
				CLANG_WARN_UNGUARDED_AVAILABILITY = YES_AGGRESSIVE;
				CLANG_WARN_UNREACHABLE_CODE = YES;
				CLANG_WARN__DUPLICATE_METHOD_MATCH = YES;
				COPY_PHASE_STRIP = NO;
				DEBUG_INFORMATION_FORMAT = "dwarf-with-dsym";
				ENABLE_NS_ASSERTIONS = NO;
				ENABLE_STRICT_OBJC_MSGSEND = YES;
				GCC_C_LANGUAGE_STANDARD = gnu11;
				GCC_NO_COMMON_BLOCKS = YES;
				GCC_WARN_64_TO_32_BIT_CONVERSION = YES;
				GCC_WARN_ABOUT_RETURN_TYPE = YES_ERROR;
				GCC_WARN_UNDECLARED_SELECTOR = YES;
				GCC_WARN_UNINITIALIZED_AUTOS = YES_AGGRESSIVE;
				GCC_WARN_UNUSED_FUNCTION = YES;
				GCC_WARN_UNUSED_VARIABLE = YES;
				IPHONEOS_DEPLOYMENT_TARGET = 15.5;
				MTL_ENABLE_DEBUG_INFO = NO;
				MTL_FAST_MATH = YES;
				SDKROOT = iphoneos;
				SWIFT_COMPILATION_MODE = wholemodule;
				SWIFT_OPTIMIZATION_LEVEL = "-O";
				VALIDATE_PRODUCT = YES;
			};
			name = Release;
		};
		22013E0D28CFA5CB005D99AB /* Debug */ = {
			isa = XCBuildConfiguration;
			buildSettings = {
				ASSETCATALOG_COMPILER_APPICON_NAME = AppIcon;
				ASSETCATALOG_COMPILER_GLOBAL_ACCENT_COLOR_NAME = AccentColor;
				CODE_SIGN_STYLE = Automatic;
				CURRENT_PROJECT_VERSION = 1;
				DEVELOPMENT_ASSET_PATHS = "\"RandomNumber/Preview Content\"";
				DEVELOPMENT_TEAM = AD38G2BNK5;
				ENABLE_PREVIEWS = YES;
				GENERATE_INFOPLIST_FILE = YES;
				INFOPLIST_KEY_UIApplicationSceneManifest_Generation = YES;
				INFOPLIST_KEY_UIApplicationSupportsIndirectInputEvents = YES;
				INFOPLIST_KEY_UILaunchScreen_Generation = YES;
				INFOPLIST_KEY_UISupportedInterfaceOrientations_iPad = "UIInterfaceOrientationPortrait UIInterfaceOrientationPortraitUpsideDown UIInterfaceOrientationLandscapeLeft UIInterfaceOrientationLandscapeRight";
				INFOPLIST_KEY_UISupportedInterfaceOrientations_iPhone = "UIInterfaceOrientationPortrait UIInterfaceOrientationLandscapeLeft UIInterfaceOrientationLandscapeRight";
				IPHONEOS_DEPLOYMENT_TARGET = 15.5;
				LD_RUNPATH_SEARCH_PATHS = (
					"$(inherited)",
					"@executable_path/Frameworks",
				);
				MARKETING_VERSION = 1.0;
				PRODUCT_BUNDLE_IDENTIFIER = drakaliyski.aleksandar.RandomNumber;
				PRODUCT_NAME = "$(TARGET_NAME)";
				SWIFT_EMIT_LOC_STRINGS = YES;
				SWIFT_VERSION = 5.0;
				TARGETED_DEVICE_FAMILY = "1,2";
			};
			name = Debug;
		};
		22013E0E28CFA5CB005D99AB /* Release */ = {
			isa = XCBuildConfiguration;
			buildSettings = {
				ASSETCATALOG_COMPILER_APPICON_NAME = AppIcon;
				ASSETCATALOG_COMPILER_GLOBAL_ACCENT_COLOR_NAME = AccentColor;
				CODE_SIGN_STYLE = Automatic;
				CURRENT_PROJECT_VERSION = 1;
				DEVELOPMENT_ASSET_PATHS = "\"RandomNumber/Preview Content\"";
				DEVELOPMENT_TEAM = AD38G2BNK5;
				ENABLE_PREVIEWS = YES;
				GENERATE_INFOPLIST_FILE = YES;
				INFOPLIST_KEY_UIApplicationSceneManifest_Generation = YES;
				INFOPLIST_KEY_UIApplicationSupportsIndirectInputEvents = YES;
				INFOPLIST_KEY_UILaunchScreen_Generation = YES;
				INFOPLIST_KEY_UISupportedInterfaceOrientations_iPad = "UIInterfaceOrientationPortrait UIInterfaceOrientationPortraitUpsideDown UIInterfaceOrientationLandscapeLeft UIInterfaceOrientationLandscapeRight";
				INFOPLIST_KEY_UISupportedInterfaceOrientations_iPhone = "UIInterfaceOrientationPortrait UIInterfaceOrientationLandscapeLeft UIInterfaceOrientationLandscapeRight";
				IPHONEOS_DEPLOYMENT_TARGET = 15.5;
				LD_RUNPATH_SEARCH_PATHS = (
					"$(inherited)",
					"@executable_path/Frameworks",
				);
				MARKETING_VERSION = 1.0;
				PRODUCT_BUNDLE_IDENTIFIER = drakaliyski.aleksandar.RandomNumber;
				PRODUCT_NAME = "$(TARGET_NAME)";
				SWIFT_EMIT_LOC_STRINGS = YES;
				SWIFT_VERSION = 5.0;
				TARGETED_DEVICE_FAMILY = "1,2";
			};
			name = Release;
		};
/* End XCBuildConfiguration section */

/* Begin XCConfigurationList section */
		22013DF928CFA5C9005D99AB /* Build configuration list for PBXProject "RandomNumber" */ = {
			isa = XCConfigurationList;
			buildConfigurations = (
				22013E0A28CFA5CB005D99AB /* Debug */,
				22013E0B28CFA5CB005D99AB /* Release */,
			);
			defaultConfigurationIsVisible = 0;
			defaultConfigurationName = Release;
		};
		22013E0C28CFA5CB005D99AB /* Build configuration list for PBXNativeTarget "RandomNumber" */ = {
			isa = XCConfigurationList;
			buildConfigurations = (
				22013E0D28CFA5CB005D99AB /* Debug */,
				22013E0E28CFA5CB005D99AB /* Release */,
			);
			defaultConfigurationIsVisible = 0;
			defaultConfigurationName = Release;
		};
/* End XCConfigurationList section */
	};
	rootObject = 22013DF628CFA5C9005D99AB /* Project object */;
}
